
Microsoft Visual Studio Solution File, Format Version 12.00
# Visual Studio 15
Project("{FAE04EC0-301F-11D3-BF4B-00C04F79EFBC}") = "Assembly-CSharp", "Assembly-CSharp.csproj", "{06288A4F-6635-953D-28EA-B255911F7369}"
EndProject
Project("{FAE04EC0-301F-11D3-BF4B-00C04F79EFBC}") = "Assembly-CSharp-Editor", "Assembly-CSharp-Editor.csproj", "{C3650B59-094B-6E17-8A69-AC63A00784E2}"
EndProject
Global
	GlobalSection(SolutionConfigurationPlatforms) = preSolution
		Debug|Any CPU = Debug|Any CPU
		Release|Any CPU = Release|Any CPU
	EndGlobalSection
	GlobalSection(ProjectConfigurationPlatforms) = postSolution
		{06288A4F-6635-953D-28EA-B255911F7369}.Debug|Any CPU.ActiveCfg = Debug|Any CPU
		{06288A4F-6635-953D-28EA-B255911F7369}.Debug|Any CPU.Build.0 = Debug|Any CPU
		{06288A4F-6635-953D-28EA-B255911F7369}.Release|Any CPU.ActiveCfg = Release|Any CPU
		{06288A4F-6635-953D-28EA-B255911F7369}.Release|Any CPU.Build.0 = Release|Any CPU
		{C3650B59-094B-6E17-8A69-AC63A00784E2}.Debug|Any CPU.ActiveCfg = Debug|Any CPU
		{C3650B59-094B-6E17-8A69-AC63A00784E2}.Debug|Any CPU.Build.0 = Debug|Any CPU
		{C3650B59-094B-6E17-8A69-AC63A00784E2}.Release|Any CPU.ActiveCfg = Release|Any CPU
		{C3650B59-094B-6E17-8A69-AC63A00784E2}.Release|Any CPU.Build.0 = Release|Any CPU
	EndGlobalSection
	GlobalSection(SolutionProperties) = preSolution
		HideSolutionNode = FALSE
	EndGlobalSection
EndGlobal
